<?xml version="1.0" encoding="utf-8"?>
<Project ToolsVersion="4.0" xmlns="http://schemas.microsoft.com/developer/msbuild/2003">
  <ItemGroup>
    <ClCompile Include="src\Main.cpp" />
    <ClCompile Include="src\util\StringConv.cpp" />
    <ClCompile Include="src\io\Keyboard.cpp" />
    <ClCompile Include="src\gfx\Window.cpp" />
    <ClCompile Include="src\gfx\Graphics.cpp" />
    <ClCompile Include="src\gfx\DxgiInfoManager.cpp" />
    <ClCompile Include="src\error\BaseException.cpp" />
    <ClCompile Include="src\gfx\error\HResBaseException.cpp" />
    <ClCompile Include="src\gfx\error\HResWinException.cpp" />
    <ClCompile Include="src\gfx\error\HResGfxException.cpp" />
    <ClCompile Include="src\gfx\error\dxerr\dxerr.cpp" />
    <ClCompile Include="src\gfx\error\GfxInfoException.cpp" />
    <ClCompile Include="src\gfx\error\DeviceRemovedException.cpp" />
    <ClCompile Include="src\gfx\error\NoGfxException.cpp" />
    <ClCompile Include="src\game\Game.cpp" />
    <ClCompile Include="src\xml\elements\XmlNode.cpp" />
    <ClCompile Include="src\xml\elements\XmlDeclaration.cpp" />
    <ClCompile Include="src\xml\elements\XmlElement.cpp" />
    <ClCompile Include="src\xml\elements\XmlText.cpp" />
    <ClCompile Include="src\xml\parser\ParserState.cpp" />
    <ClCompile Include="src\xml\elements\XmlComment.cpp" />
    <ClCompile Include="src\xml\elements\XmlProcessingInstruction.cpp" />
    <ClCompile Include="src\error\InvalidArgumentException.cpp" />
    <ClCompile Include="src\xml\elements\XmlDocument.cpp" />
    <ClCompile Include="src\xml\parser\XmlParser.cpp" />
    <ClCompile Include="src\xml\error\XmlParserException.cpp" />
    <ClCompile Include="src\xml\error\UnexpectedEofException.cpp" />
    <ClCompile Include="src\xml\error\IllegalParserStateException.cpp" />
    <ClCompile Include="src\xml\error\UnexpectedCharSequenceException.cpp" />
    <ClCompile Include="src\error\NotSupportedException.cpp" />
    <ClCompile Include="src\xml\elements\XmlAttribute.cpp" />
    <ClCompile Include="src\game\GameConfig.cpp" />
  </ItemGroup>
  <ItemGroup>
    <ClInclude Include="src\util\StringConv.h" />
    <ClInclude Include="src\io\Keyboard.h" />
    <ClInclude Include="src\util\Macros.h" />
    <ClInclude Include="src\gfx\Window.h" />
    <ClInclude Include="src\gfx\Graphics.h" />
    <ClInclude Include="src\gfx\DxgiInfoManager.h" />
    <ClInclude Include="src\error\BaseException.h" />
    <ClInclude Include="src\gfx\error\HResBaseException.h" />
    <ClInclude Include="src\gfx\error\HResWinException.h" />
    <ClInclude Include="src\gfx\error\HResGfxException.h" />
    <ClInclude Include="src\gfx\error\dxerr\dxerr.h" />
    <ClInclude Include="src\gfx\error\GfxInfoException.h" />
    <ClInclude Include="src\gfx\error\DeviceRemovedException.h" />
    <ClInclude Include="src\gfx\error\NoGfxException.h" />
    <ClInclude Include="src\resource.h" />
    <ClInclude Include="src\game\Game.h" />
    <ClInclude Include="src\xml\elements\XmlNode.h" />
    <ClInclude Include="src\xml\elements\SourcePosition.h" />
    <ClInclude Include="src\xml\elements\XmlDeclaration.h" />
    <ClInclude Include="src\xml\elements\XmlElement.h" />
    <ClInclude Include="src\xml\elements\XmlText.h" />
    <ClInclude Include="src\xml\parser\ParserState.h" />
    <ClInclude Include="src\xml\elements\XmlMisc.h" />
    <ClInclude Include="src\xml\elements\XmlComment.h" />
    <ClInclude Include="src\xml\elements\XmlProcessingInstruction.h" />
    <ClInclude Include="src\error\InvalidArgumentException.h" />
    <ClInclude Include="src\xml\elements\XmlDocument.h" />
    <ClInclude Include="src\xml\error\XmlExceptionMacros.h" />
    <ClInclude Include="src\xml\parser\XmlParser.h" />
    <ClInclude Include="src\xml\error\XmlParserException.h" />
    <ClInclude Include="src\xml\error\UnexpectedEofException.h" />
    <ClInclude Include="src\xml\error\IllegalParserStateException.h" />
    <ClInclude Include="src\xml\error\UnexpectedCharSequenceException.h" />
    <ClInclude Include="src\error\NotSupportedException.h" />
    <ClInclude Include="src\xml\elements\XmlAttribute.h" />
    <ClInclude Include="src\game\GameConfig.h" />
  </ItemGroup>
  <ItemGroup>
    <None Include="src\gfx\error\dxerr\DXGetErrorDescription.inl" />
    <None Include="src\gfx\error\dxerr\DXGetErrorString.inl" />
    <None Include="src\gfx\error\dxerr\DXTrace.inl" />
    <None Include="src\cpp.hint" />
  </ItemGroup>
  <ItemGroup>
    <Image Include="resources\icons\pokeball.ico" />
  </ItemGroup>
  <ItemGroup>
    <ResourceCompile Include="src\Engine.rc" />
  </ItemGroup>
  <ItemGroup>
    <Xml Include="resources\gameconfig.xml" />
  </ItemGroup>
</Project>